
Microsoft Visual Studio Solution File, Format Version 12.00
# Visual Studio 15
VisualStudioVersion = 15.0.27130.2036
MinimumVisualStudioVersion = 10.0.40219.1
Project("{FAE04EC0-301F-11D3-BF4B-00C04F79EFBC}") = "XS.DataStructure.LinkedList", "XS.DataStructure.LinkedList\XS.DataStructure.LinkedList.csproj", "{9075C338-345A-4AC9-A812-ADA76E1B9966}"
EndProject
Project("{FAE04EC0-301F-11D3-BF4B-00C04F79EFBC}") = "XS.DataStructure.StackQueue", "XS.DataStructure.StackQueue\XS.DataStructure.StackQueue.csproj", "{36941DE0-1B9A-45F0-BBEE-6F3C65565CAF}"
EndProject
Project("{FAE04EC0-301F-11D3-BF4B-00C04F79EFBC}") = "XS.DataStructure.Tests", "XS.DataStructure.Tests\XS.DataStructure.Tests.csproj", "{65744ADF-E3C9-48A3-97F5-54E30962D57C}"
EndProject
Project("{FAE04EC0-301F-11D3-BF4B-00C04F79EFBC}") = "XS.DataStructure.StackQueueTests", "XS.DataStructure.StackQueueTests\XS.DataStructure.StackQueueTests.csproj", "{29785086-E8FC-4EF6-9940-BDF73926A8F7}"
EndProject
Global
	GlobalSection(SolutionConfigurationPlatforms) = preSolution
		Debug|Any CPU = Debug|Any CPU
		Release|Any CPU = Release|Any CPU
	EndGlobalSection
	GlobalSection(ProjectConfigurationPlatforms) = postSolution
		{9075C338-345A-4AC9-A812-ADA76E1B9966}.Debug|Any CPU.ActiveCfg = Debug|Any CPU
		{9075C338-345A-4AC9-A812-ADA76E1B9966}.Debug|Any CPU.Build.0 = Debug|Any CPU
		{9075C338-345A-4AC9-A812-ADA76E1B9966}.Release|Any CPU.ActiveCfg = Release|Any CPU
		{9075C338-345A-4AC9-A812-ADA76E1B9966}.Release|Any CPU.Build.0 = Release|Any CPU
		{36941DE0-1B9A-45F0-BBEE-6F3C65565CAF}.Debug|Any CPU.ActiveCfg = Debug|Any CPU
		{36941DE0-1B9A-45F0-BBEE-6F3C65565CAF}.Debug|Any CPU.Build.0 = Debug|Any CPU
		{36941DE0-1B9A-45F0-BBEE-6F3C65565CAF}.Release|Any CPU.ActiveCfg = Release|Any CPU
		{36941DE0-1B9A-45F0-BBEE-6F3C65565CAF}.Release|Any CPU.Build.0 = Release|Any CPU
		{65744ADF-E3C9-48A3-97F5-54E30962D57C}.Debug|Any CPU.ActiveCfg = Debug|Any CPU
		{65744ADF-E3C9-48A3-97F5-54E30962D57C}.Debug|Any CPU.Build.0 = Debug|Any CPU
		{65744ADF-E3C9-48A3-97F5-54E30962D57C}.Release|Any CPU.ActiveCfg = Release|Any CPU
		{65744ADF-E3C9-48A3-97F5-54E30962D57C}.Release|Any CPU.Build.0 = Release|Any CPU
		{29785086-E8FC-4EF6-9940-BDF73926A8F7}.Debug|Any CPU.ActiveCfg = Debug|Any CPU
		{29785086-E8FC-4EF6-9940-BDF73926A8F7}.Debug|Any CPU.Build.0 = Debug|Any CPU
		{29785086-E8FC-4EF6-9940-BDF73926A8F7}.Release|Any CPU.ActiveCfg = Release|Any CPU
		{29785086-E8FC-4EF6-9940-BDF73926A8F7}.Release|Any CPU.Build.0 = Release|Any CPU
	EndGlobalSection
	GlobalSection(SolutionProperties) = preSolution
		HideSolutionNode = FALSE
	EndGlobalSection
	GlobalSection(ExtensibilityGlobals) = postSolution
		SolutionGuid = {146D7544-2196-420C-8366-D445137858C1}
	EndGlobalSection
EndGlobal
